
Microsoft Visual Studio Solution File, Format Version 12.00
# Visual Studio Version 17
VisualStudioVersion = 17.9.34728.123
MinimumVisualStudioVersion = 10.0.40219.1
Project("{9A19103F-16F7-4668-BE54-9A1E7A4F7556}") = "projeto-estoque", "projeto-estoque.csproj", "{C58ABBED-A5FE-4AA7-87B0-37FEEDA74871}"
EndProject
Global
	GlobalSection(SolutionConfigurationPlatforms) = preSolution
		Debug|Any CPU = Debug|Any CPU
		Release|Any CPU = Release|Any CPU
	EndGlobalSection
	GlobalSection(ProjectConfigurationPlatforms) = postSolution
		{C58ABBED-A5FE-4AA7-87B0-37FEEDA74871}.Debug|Any CPU.ActiveCfg = Debug|Any CPU
		{C58ABBED-A5FE-4AA7-87B0-37FEEDA74871}.Debug|Any CPU.Build.0 = Debug|Any CPU
		{C58ABBED-A5FE-4AA7-87B0-37FEEDA74871}.Release|Any CPU.ActiveCfg = Release|Any CPU
		{C58ABBED-A5FE-4AA7-87B0-37FEEDA74871}.Release|Any CPU.Build.0 = Release|Any CPU
	EndGlobalSection
	GlobalSection(SolutionProperties) = preSolution
		HideSolutionNode = FALSE
	EndGlobalSection
	GlobalSection(ExtensibilityGlobals) = postSolution
		SolutionGuid = {AD80F3EB-7647-4D88-A4E4-A80C29F2F36F}
	EndGlobalSection
EndGlobal
